
Microsoft Visual Studio Solution File, Format Version 12.00
# Visual Studio Version 17
VisualStudioVersion = 17.5.002.0
MinimumVisualStudioVersion = 10.0.40219.1
Project("{9A19103F-16F7-4668-BE54-9A1E7A4F7556}") = "DotnetCoreJanus", "DotnetCoreJanus\DotnetCoreJanus.csproj", "{08055A91-47BF-44FC-8584-D9398A88CA86}"
EndProject
Project("{9A19103F-16F7-4668-BE54-9A1E7A4F7556}") = "DotnetCoreJanus.Tests", "DotnetCoreJanus.Tests\DotnetCoreJanus.Tests.csproj", "{894C142F-7DE6-4D1D-AF16-34235D5C735F}"
EndProject
Global
	GlobalSection(SolutionConfigurationPlatforms) = preSolution
		Debug|Any CPU = Debug|Any CPU
		Release|Any CPU = Release|Any CPU
	EndGlobalSection
	GlobalSection(ProjectConfigurationPlatforms) = postSolution
		{61C2324D-0F03-4D1D-8DB6-110F4B375EB9}.Debug|Any CPU.ActiveCfg = Debug|Any CPU
		{61C2324D-0F03-4D1D-8DB6-110F4B375EB9}.Debug|Any CPU.Build.0 = Debug|Any CPU
		{61C2324D-0F03-4D1D-8DB6-110F4B375EB9}.Release|Any CPU.ActiveCfg = Release|Any CPU
		{61C2324D-0F03-4D1D-8DB6-110F4B375EB9}.Release|Any CPU.Build.0 = Release|Any CPU
		{08055A91-47BF-44FC-8584-D9398A88CA86}.Debug|Any CPU.ActiveCfg = Debug|Any CPU
		{08055A91-47BF-44FC-8584-D9398A88CA86}.Debug|Any CPU.Build.0 = Debug|Any CPU
		{08055A91-47BF-44FC-8584-D9398A88CA86}.Release|Any CPU.ActiveCfg = Release|Any CPU
		{08055A91-47BF-44FC-8584-D9398A88CA86}.Release|Any CPU.Build.0 = Release|Any CPU
		{894C142F-7DE6-4D1D-AF16-34235D5C735F}.Debug|Any CPU.ActiveCfg = Debug|Any CPU
		{894C142F-7DE6-4D1D-AF16-34235D5C735F}.Debug|Any CPU.Build.0 = Debug|Any CPU
		{894C142F-7DE6-4D1D-AF16-34235D5C735F}.Release|Any CPU.ActiveCfg = Release|Any CPU
		{894C142F-7DE6-4D1D-AF16-34235D5C735F}.Release|Any CPU.Build.0 = Release|Any CPU
	EndGlobalSection
	GlobalSection(SolutionProperties) = preSolution
		HideSolutionNode = FALSE
	EndGlobalSection
	GlobalSection(ExtensibilityGlobals) = postSolution
		SolutionGuid = {52EE0725-1526-4B01-9AB7-798195F014F7}
	EndGlobalSection
EndGlobal
